
Microsoft Visual Studio Solution File, Format Version 12.00
Project("{FAE04EC0-301F-11D3-BF4B-00C04F79EFBC}") = "LittleReadStoreWeb", "LittleReadStoreWeb\LittleReadStoreWeb.csproj", "{AC06843A-3DCD-4FD9-9C57-555AEF18707D}"
EndProject
Global
	GlobalSection(SolutionConfigurationPlatforms) = preSolution
		Debug|Any CPU = Debug|Any CPU
		Release|Any CPU = Release|Any CPU
	EndGlobalSection
	GlobalSection(ProjectConfigurationPlatforms) = postSolution
		{AC06843A-3DCD-4FD9-9C57-555AEF18707D}.Debug|Any CPU.ActiveCfg = Debug|Any CPU
		{AC06843A-3DCD-4FD9-9C57-555AEF18707D}.Debug|Any CPU.Build.0 = Debug|Any CPU
		{AC06843A-3DCD-4FD9-9C57-555AEF18707D}.Release|Any CPU.ActiveCfg = Release|Any CPU
		{AC06843A-3DCD-4FD9-9C57-555AEF18707D}.Release|Any CPU.Build.0 = Release|Any CPU
	EndGlobalSection
EndGlobal
