
Microsoft Visual Studio Solution File, Format Version 12.00
# Visual Studio Version 17
VisualStudioVersion = 17.11.35303.130
MinimumVisualStudioVersion = 10.0.40219.1
Project("{FAE04EC0-301F-11D3-BF4B-00C04F79EFBC}") = "LittleReadStoreWeb", "LittleReadStoreWeb\LittleReadStoreWeb.csproj", "{F3C71F49-986E-43F2-BF4A-6D701128094E}"
EndProject
Global
	GlobalSection(SolutionConfigurationPlatforms) = preSolution
		Debug|Any CPU = Debug|Any CPU
		Release|Any CPU = Release|Any CPU
	EndGlobalSection
	GlobalSection(ProjectConfigurationPlatforms) = postSolution
		{F3C71F49-986E-43F2-BF4A-6D701128094E}.Debug|Any CPU.ActiveCfg = Debug|Any CPU
		{F3C71F49-986E-43F2-BF4A-6D701128094E}.Debug|Any CPU.Build.0 = Debug|Any CPU
		{F3C71F49-986E-43F2-BF4A-6D701128094E}.Release|Any CPU.ActiveCfg = Release|Any CPU
		{F3C71F49-986E-43F2-BF4A-6D701128094E}.Release|Any CPU.Build.0 = Release|Any CPU
	EndGlobalSection
	GlobalSection(SolutionProperties) = preSolution
		HideSolutionNode = FALSE
	EndGlobalSection
	GlobalSection(ExtensibilityGlobals) = postSolution
		SolutionGuid = {9CD2F214-5E2D-4C64-BBD9-5C5ADC7ACF19}
	EndGlobalSection
EndGlobal
